<?xml version="1.0" encoding="utf-8"?>
<Project ToolsVersion="4.0" xmlns="http://schemas.microsoft.com/developer/msbuild/2003">
  <ItemGroup>
    <ClCompile Include="uchar.c" />
    <ClCompile Include="thread.win32.c" />
    <ClCompile Include="ustream.win32.c" />
    <ClCompile Include="process.win32.c" />
    <ClCompile Include="sem.win32.c" />
    <ClCompile Include="event.win32.c" />
    <ClCompile Include="locate.c" />
    <ClCompile Include="precond.c" />
    <ClCompile Include="analysis.c" />
    <ClCompile Include="global.c" />
    <ClCompile Include="path.c" />
    <ClCompile Include="udcache.c" />
    <ClCompile Include="file.win32.c" />
    <ClCompile Include="ctl.c" />
    <ClCompile Include="umake.win32.c" />
    <ClCompile Include="env.win32.c" />
    <ClCompile Include="msvc_env.c" />
    <ClCompile Include="cppmmap.win32.c" />
    <ClCompile Include="pattern.c" />
  </ItemGroup>
  <ItemGroup>
    <ClInclude Include="config.h" />
    <ClInclude Include="thread.h" />
    <ClInclude Include="uchar.h" />
    <ClInclude Include="cas.h" />
    <ClInclude Include="list.h" />
    <ClInclude Include="ustream.h" />
    <ClInclude Include="process.h" />
    <ClInclude Include="sem.h" />
    <ClInclude Include="event.h" />
    <ClInclude Include="readme.h" />
    <ClInclude Include="locate.h" />
    <ClInclude Include="env.h" />
    <ClInclude Include="precond.h" />
    <ClInclude Include="analysis.h" />
    <ClInclude Include="global.h" />
    <ClInclude Include="path.h" />
    <ClInclude Include="udcache.h" />
    <ClInclude Include="file.h" />
    <ClInclude Include="ctl.h" />
    <ClInclude Include="msvc_env.h" />
    <ClInclude Include="cppmmap.h" />
    <ClInclude Include="pattern.h" />
  </ItemGroup>
  <ItemGroup>
    <None Include="analysis.replcae.inl" />
    <None Include="analysis.chunk.inl" />
    <None Include="analysis.pass_base.inl" />
  </ItemGroup>
  <ItemGroup>
    <MASM Include="cas.asm" />
  </ItemGroup>
</Project>